
Microsoft Visual Studio Solution File, Format Version 12.00
# Visual Studio Version 16
VisualStudioVersion = 16.0.32630.194
MinimumVisualStudioVersion = 10.0.40219.1
Project("{FAE04EC0-301F-11D3-BF4B-00C04F79EFBC}") = "BlogTemplate", "BlogTemplate\BlogTemplate.csproj", "{2AC68AB5-C1CF-4CDD-B6FF-B6900E7FABAF}"
EndProject
Global
	GlobalSection(SolutionConfigurationPlatforms) = preSolution
		Debug|Any CPU = Debug|Any CPU
		Release|Any CPU = Release|Any CPU
	EndGlobalSection
	GlobalSection(ProjectConfigurationPlatforms) = postSolution
		{2AC68AB5-C1CF-4CDD-B6FF-B6900E7FABAF}.Debug|Any CPU.ActiveCfg = Debug|Any CPU
		{2AC68AB5-C1CF-4CDD-B6FF-B6900E7FABAF}.Debug|Any CPU.Build.0 = Debug|Any CPU
		{2AC68AB5-C1CF-4CDD-B6FF-B6900E7FABAF}.Release|Any CPU.ActiveCfg = Release|Any CPU
		{2AC68AB5-C1CF-4CDD-B6FF-B6900E7FABAF}.Release|Any CPU.Build.0 = Release|Any CPU
	EndGlobalSection
	GlobalSection(SolutionProperties) = preSolution
		HideSolutionNode = FALSE
	EndGlobalSection
	GlobalSection(ExtensibilityGlobals) = postSolution
		SolutionGuid = {BA66DE60-EC7B-4E0F-B9B1-C0E098CEC16F}
	EndGlobalSection
EndGlobal
